// !$*UTF8*$!
{
	archiveVersion = 1;
	classes = {
	};
	objectVersion = 50;
	objects = {

/* Begin PBXBuildFile section */
		8DAC1E92241664AD0026BC33 /* spain@2x.png in Resources */ = {isa = PBXBuildFile; fileRef = 8DAC1E7A241664AD0026BC33 /* spain@2x.png */; };
		8DAC1E93241664AD0026BC33 /* nigeria@2x.png in Resources */ = {isa = PBXBuildFile; fileRef = 8DAC1E7B241664AD0026BC33 /* nigeria@2x.png */; };
		8DAC1E94241664AD0026BC33 /* nigeria@3x.png in Resources */ = {isa = PBXBuildFile; fileRef = 8DAC1E7C241664AD0026BC33 /* nigeria@3x.png */; };
		8DAC1E95241664AD0026BC33 /* spain@3x.png in Resources */ = {isa = PBXBuildFile; fileRef = 8DAC1E7D241664AD0026BC33 /* spain@3x.png */; };
		8DAC1E96241664AD0026BC33 /* italy@3x.png in Resources */ = {isa = PBXBuildFile; fileRef = 8DAC1E7E241664AD0026BC33 /* italy@3x.png */; };
		8DAC1E97241664AD0026BC33 /* ireland@2x.png in Resources */ = {isa = PBXBuildFile; fileRef = 8DAC1E7F241664AD0026BC33 /* ireland@2x.png */; };
		8DAC1E98241664AD0026BC33 /* germany@3x.png in Resources */ = {isa = PBXBuildFile; fileRef = 8DAC1E80241664AD0026BC33 /* germany@3x.png */; };
		8DAC1E99241664AD0026BC33 /* germany@2x.png in Resources */ = {isa = PBXBuildFile; fileRef = 8DAC1E81241664AD0026BC33 /* germany@2x.png */; };
		8DAC1E9A241664AD0026BC33 /* ireland@3x.png in Resources */ = {isa = PBXBuildFile; fileRef = 8DAC1E82241664AD0026BC33 /* ireland@3x.png */; };
		8DAC1E9B241664AD0026BC33 /* italy@2x.png in Resources */ = {isa = PBXBuildFile; fileRef = 8DAC1E83241664AD0026BC33 /* italy@2x.png */; };
		8DAC1E9C241664AD0026BC33 /* poland@2x.png in Resources */ = {isa = PBXBuildFile; fileRef = 8DAC1E84241664AD0026BC33 /* poland@2x.png */; };
		8DAC1E9D241664AD0026BC33 /* russia@2x.png in Resources */ = {isa = PBXBuildFile; fileRef = 8DAC1E85241664AD0026BC33 /* russia@2x.png */; };
		8DAC1E9E241664AD0026BC33 /* estonia@2x.png in Resources */ = {isa = PBXBuildFile; fileRef = 8DAC1E86241664AD0026BC33 /* estonia@2x.png */; };
		8DAC1E9F241664AD0026BC33 /* estonia@3x.png in Resources */ = {isa = PBXBuildFile; fileRef = 8DAC1E87241664AD0026BC33 /* estonia@3x.png */; };
		8DAC1EA0241664AD0026BC33 /* russia@3x.png in Resources */ = {isa = PBXBuildFile; fileRef = 8DAC1E88241664AD0026BC33 /* russia@3x.png */; };
		8DAC1EA1241664AD0026BC33 /* poland@3x.png in Resources */ = {isa = PBXBuildFile; fileRef = 8DAC1E89241664AD0026BC33 /* poland@3x.png */; };
		8DAC1EA2241664AD0026BC33 /* uk@3x.png in Resources */ = {isa = PBXBuildFile; fileRef = 8DAC1E8A241664AD0026BC33 /* uk@3x.png */; };
		8DAC1EA3241664AD0026BC33 /* us@3x.png in Resources */ = {isa = PBXBuildFile; fileRef = 8DAC1E8B241664AD0026BC33 /* us@3x.png */; };
		8DAC1EA4241664AD0026BC33 /* france@3x.png in Resources */ = {isa = PBXBuildFile; fileRef = 8DAC1E8C241664AD0026BC33 /* france@3x.png */; };
		8DAC1EA5241664AD0026BC33 /* monaco@2x.png in Resources */ = {isa = PBXBuildFile; fileRef = 8DAC1E8D241664AD0026BC33 /* monaco@2x.png */; };
		8DAC1EA6241664AD0026BC33 /* monaco@3x.png in Resources */ = {isa = PBXBuildFile; fileRef = 8DAC1E8E241664AD0026BC33 /* monaco@3x.png */; };
		8DAC1EA7241664AD0026BC33 /* france@2x.png in Resources */ = {isa = PBXBuildFile; fileRef = 8DAC1E8F241664AD0026BC33 /* france@2x.png */; };
		8DAC1EA8241664AD0026BC33 /* us@2x.png in Resources */ = {isa = PBXBuildFile; fileRef = 8DAC1E90241664AD0026BC33 /* us@2x.png */; };
		8DAC1EA9241664AD0026BC33 /* uk@2x.png in Resources */ = {isa = PBXBuildFile; fileRef = 8DAC1E91241664AD0026BC33 /* uk@2x.png */; };
		8DED58E324156ED5004EECD0 /* AppDelegate.swift in Sources */ = {isa = PBXBuildFile; fileRef = 8DED58E224156ED5004EECD0 /* AppDelegate.swift */; };
		8DED58E524156ED5004EECD0 /* SceneDelegate.swift in Sources */ = {isa = PBXBuildFile; fileRef = 8DED58E424156ED5004EECD0 /* SceneDelegate.swift */; };
		8DED58EA24156ED5004EECD0 /* Main.storyboard in Resources */ = {isa = PBXBuildFile; fileRef = 8DED58E824156ED5004EECD0 /* Main.storyboard */; };
		8DED58EC24156ED7004EECD0 /* Assets.xcassets in Resources */ = {isa = PBXBuildFile; fileRef = 8DED58EB24156ED7004EECD0 /* Assets.xcassets */; };
		8DED58EF24156ED7004EECD0 /* LaunchScreen.storyboard in Resources */ = {isa = PBXBuildFile; fileRef = 8DED58ED24156ED7004EECD0 /* LaunchScreen.storyboard */; };
		8DED58F724163358004EECD0 /* Redme.rtf in Resources */ = {isa = PBXBuildFile; fileRef = 8DED58F624163358004EECD0 /* Redme.rtf */; };
		8DED58F9241634A8004EECD0 /* MainTableViewController.swift in Sources */ = {isa = PBXBuildFile; fileRef = 8DED58F8241634A8004EECD0 /* MainTableViewController.swift */; };
		8DED58FB24165A32004EECD0 /* DetailViewController.swift in Sources */ = {isa = PBXBuildFile; fileRef = 8DED58FA24165A32004EECD0 /* DetailViewController.swift */; };
/* End PBXBuildFile section */

/* Begin PBXFileReference section */
		8DAC1E7A241664AD0026BC33 /* spain@2x.png */ = {isa = PBXFileReference; lastKnownFileType = image.png; path = "spain@2x.png"; sourceTree = "<group>"; };
		8DAC1E7B241664AD0026BC33 /* nigeria@2x.png */ = {isa = PBXFileReference; lastKnownFileType = image.png; path = "nigeria@2x.png"; sourceTree = "<group>"; };
		8DAC1E7C241664AD0026BC33 /* nigeria@3x.png */ = {isa = PBXFileReference; lastKnownFileType = image.png; path = "nigeria@3x.png"; sourceTree = "<group>"; };
		8DAC1E7D241664AD0026BC33 /* spain@3x.png */ = {isa = PBXFileReference; lastKnownFileType = image.png; path = "spain@3x.png"; sourceTree = "<group>"; };
		8DAC1E7E241664AD0026BC33 /* italy@3x.png */ = {isa = PBXFileReference; lastKnownFileType = image.png; path = "italy@3x.png"; sourceTree = "<group>"; };
		8DAC1E7F241664AD0026BC33 /* ireland@2x.png */ = {isa = PBXFileReference; lastKnownFileType = image.png; path = "ireland@2x.png"; sourceTree = "<group>"; };
		8DAC1E80241664AD0026BC33 /* germany@3x.png */ = {isa = PBXFileReference; lastKnownFileType = image.png; path = "germany@3x.png"; sourceTree = "<group>"; };
		8DAC1E81241664AD0026BC33 /* germany@2x.png */ = {isa = PBXFileReference; lastKnownFileType = image.png; path = "germany@2x.png"; sourceTree = "<group>"; };
		8DAC1E82241664AD0026BC33 /* ireland@3x.png */ = {isa = PBXFileReference; lastKnownFileType = image.png; path = "ireland@3x.png"; sourceTree = "<group>"; };
		8DAC1E83241664AD0026BC33 /* italy@2x.png */ = {isa = PBXFileReference; lastKnownFileType = image.png; path = "italy@2x.png"; sourceTree = "<group>"; };
		8DAC1E84241664AD0026BC33 /* poland@2x.png */ = {isa = PBXFileReference; lastKnownFileType = image.png; path = "poland@2x.png"; sourceTree = "<group>"; };
		8DAC1E85241664AD0026BC33 /* russia@2x.png */ = {isa = PBXFileReference; lastKnownFileType = image.png; path = "russia@2x.png"; sourceTree = "<group>"; };
		8DAC1E86241664AD0026BC33 /* estonia@2x.png */ = {isa = PBXFileReference; lastKnownFileType = image.png; path = "estonia@2x.png"; sourceTree = "<group>"; };
		8DAC1E87241664AD0026BC33 /* estonia@3x.png */ = {isa = PBXFileReference; lastKnownFileType = image.png; path = "estonia@3x.png"; sourceTree = "<group>"; };
		8DAC1E88241664AD0026BC33 /* russia@3x.png */ = {isa = PBXFileReference; lastKnownFileType = image.png; path = "russia@3x.png"; sourceTree = "<group>"; };
		8DAC1E89241664AD0026BC33 /* poland@3x.png */ = {isa = PBXFileReference; lastKnownFileType = image.png; path = "poland@3x.png"; sourceTree = "<group>"; };
		8DAC1E8A241664AD0026BC33 /* uk@3x.png */ = {isa = PBXFileReference; lastKnownFileType = image.png; path = "uk@3x.png"; sourceTree = "<group>"; };
		8DAC1E8B241664AD0026BC33 /* us@3x.png */ = {isa = PBXFileReference; lastKnownFileType = image.png; path = "us@3x.png"; sourceTree = "<group>"; };
		8DAC1E8C241664AD0026BC33 /* france@3x.png */ = {isa = PBXFileReference; lastKnownFileType = image.png; path = "france@3x.png"; sourceTree = "<group>"; };
		8DAC1E8D241664AD0026BC33 /* monaco@2x.png */ = {isa = PBXFileReference; lastKnownFileType = image.png; path = "monaco@2x.png"; sourceTree = "<group>"; };
		8DAC1E8E241664AD0026BC33 /* monaco@3x.png */ = {isa = PBXFileReference; lastKnownFileType = image.png; path = "monaco@3x.png"; sourceTree = "<group>"; };
		8DAC1E8F241664AD0026BC33 /* france@2x.png */ = {isa = PBXFileReference; lastKnownFileType = image.png; path = "france@2x.png"; sourceTree = "<group>"; };
		8DAC1E90241664AD0026BC33 /* us@2x.png */ = {isa = PBXFileReference; lastKnownFileType = image.png; path = "us@2x.png"; sourceTree = "<group>"; };
		8DAC1E91241664AD0026BC33 /* uk@2x.png */ = {isa = PBXFileReference; lastKnownFileType = image.png; path = "uk@2x.png"; sourceTree = "<group>"; };
		8DED58DF24156ED5004EECD0 /* Contries-iOS13.app */ = {isa = PBXFileReference; explicitFileType = wrapper.application; includeInIndex = 0; path = "Contries-iOS13.app"; sourceTree = BUILT_PRODUCTS_DIR; };
		8DED58E224156ED5004EECD0 /* AppDelegate.swift */ = {isa = PBXFileReference; lastKnownFileType = sourcecode.swift; path = AppDelegate.swift; sourceTree = "<group>"; };
		8DED58E424156ED5004EECD0 /* SceneDelegate.swift */ = {isa = PBXFileReference; lastKnownFileType = sourcecode.swift; path = SceneDelegate.swift; sourceTree = "<group>"; };
		8DED58E924156ED5004EECD0 /* Base */ = {isa = PBXFileReference; lastKnownFileType = file.storyboard; name = Base; path = Base.lproj/Main.storyboard; sourceTree = "<group>"; };
		8DED58EB24156ED7004EECD0 /* Assets.xcassets */ = {isa = PBXFileReference; lastKnownFileType = folder.assetcatalog; path = Assets.xcassets; sourceTree = "<group>"; };
		8DED58EE24156ED7004EECD0 /* Base */ = {isa = PBXFileReference; lastKnownFileType = file.storyboard; name = Base; path = Base.lproj/LaunchScreen.storyboard; sourceTree = "<group>"; };
		8DED58F024156ED7004EECD0 /* Info.plist */ = {isa = PBXFileReference; lastKnownFileType = text.plist.xml; path = Info.plist; sourceTree = "<group>"; };
		8DED58F624163358004EECD0 /* Redme.rtf */ = {isa = PBXFileReference; lastKnownFileType = text.rtf; path = Redme.rtf; sourceTree = "<group>"; };
		8DED58F8241634A8004EECD0 /* MainTableViewController.swift */ = {isa = PBXFileReference; lastKnownFileType = sourcecode.swift; path = MainTableViewController.swift; sourceTree = "<group>"; };
		8DED58FA24165A32004EECD0 /* DetailViewController.swift */ = {isa = PBXFileReference; lastKnownFileType = sourcecode.swift; path = DetailViewController.swift; sourceTree = "<group>"; };
/* End PBXFileReference section */

/* Begin PBXFrameworksBuildPhase section */
		8DED58DC24156ED5004EECD0 /* Frameworks */ = {
			isa = PBXFrameworksBuildPhase;
			buildActionMask = 2147483647;
			files = (
			);
			runOnlyForDeploymentPostprocessing = 0;
		};
/* End PBXFrameworksBuildPhase section */

/* Begin PBXGroup section */
		8DAC1E79241664AD0026BC33 /* files */ = {
			isa = PBXGroup;
			children = (
				8DAC1E7A241664AD0026BC33 /* spain@2x.png */,
				8DAC1E7B241664AD0026BC33 /* nigeria@2x.png */,
				8DAC1E7C241664AD0026BC33 /* nigeria@3x.png */,
				8DAC1E7D241664AD0026BC33 /* spain@3x.png */,
				8DAC1E7E241664AD0026BC33 /* italy@3x.png */,
				8DAC1E7F241664AD0026BC33 /* ireland@2x.png */,
				8DAC1E80241664AD0026BC33 /* germany@3x.png */,
				8DAC1E81241664AD0026BC33 /* germany@2x.png */,
				8DAC1E82241664AD0026BC33 /* ireland@3x.png */,
				8DAC1E83241664AD0026BC33 /* italy@2x.png */,
				8DAC1E84241664AD0026BC33 /* poland@2x.png */,
				8DAC1E85241664AD0026BC33 /* russia@2x.png */,
				8DAC1E86241664AD0026BC33 /* estonia@2x.png */,
				8DAC1E87241664AD0026BC33 /* estonia@3x.png */,
				8DAC1E88241664AD0026BC33 /* russia@3x.png */,
				8DAC1E89241664AD0026BC33 /* poland@3x.png */,
				8DAC1E8A241664AD0026BC33 /* uk@3x.png */,
				8DAC1E8B241664AD0026BC33 /* us@3x.png */,
				8DAC1E8C241664AD0026BC33 /* france@3x.png */,
				8DAC1E8D241664AD0026BC33 /* monaco@2x.png */,
				8DAC1E8E241664AD0026BC33 /* monaco@3x.png */,
				8DAC1E8F241664AD0026BC33 /* france@2x.png */,
				8DAC1E90241664AD0026BC33 /* us@2x.png */,
				8DAC1E91241664AD0026BC33 /* uk@2x.png */,
			);
			path = files;
			sourceTree = "<group>";
		};
		8DED58D624156ED5004EECD0 = {
			isa = PBXGroup;
			children = (
				8DED58F624163358004EECD0 /* Redme.rtf */,
				8DED58E124156ED5004EECD0 /* TheFlagOfContries-iOS13 */,
				8DED58E024156ED5004EECD0 /* Products */,
			);
			sourceTree = "<group>";
		};
		8DED58E024156ED5004EECD0 /* Products */ = {
			isa = PBXGroup;
			children = (
				8DED58DF24156ED5004EECD0 /* Contries-iOS13.app */,
			);
			name = Products;
			sourceTree = "<group>";
		};
		8DED58E124156ED5004EECD0 /* TheFlagOfContries-iOS13 */ = {
			isa = PBXGroup;
			children = (
				8DED58E224156ED5004EECD0 /* AppDelegate.swift */,
				8DED58E424156ED5004EECD0 /* SceneDelegate.swift */,
				8DED58E824156ED5004EECD0 /* Main.storyboard */,
				8DED58F8241634A8004EECD0 /* MainTableViewController.swift */,
				8DED58FA24165A32004EECD0 /* DetailViewController.swift */,
				8DED58EB24156ED7004EECD0 /* Assets.xcassets */,
				8DED58ED24156ED7004EECD0 /* LaunchScreen.storyboard */,
				8DED58F024156ED7004EECD0 /* Info.plist */,
				8DAC1E79241664AD0026BC33 /* files */,
			);
			path = "TheFlagOfContries-iOS13";
			sourceTree = "<group>";
		};
/* End PBXGroup section */

/* Begin PBXNativeTarget section */
		8DED58DE24156ED5004EECD0 /* TheFlagOfContries-iOS13 */ = {
			isa = PBXNativeTarget;
			buildConfigurationList = 8DED58F324156ED7004EECD0 /* Build configuration list for PBXNativeTarget "TheFlagOfContries-iOS13" */;
			buildPhases = (
				8DED58DB24156ED5004EECD0 /* Sources */,
				8DED58DC24156ED5004EECD0 /* Frameworks */,
				8DED58DD24156ED5004EECD0 /* Resources */,
			);
			buildRules = (
			);
			dependencies = (
			);
			name = "TheFlagOfContries-iOS13";
			productName = "TheFlagOfContries-iOS13";
			productReference = 8DED58DF24156ED5004EECD0 /* Contries-iOS13.app */;
			productType = "com.apple.product-type.application";
		};
/* End PBXNativeTarget section */

/* Begin PBXProject section */
		8DED58D724156ED5004EECD0 /* Project object */ = {
			isa = PBXProject;
			attributes = {
				LastSwiftUpdateCheck = 1130;
				LastUpgradeCheck = 1130;
				ORGANIZATIONNAME = "Dennis Nesanoff";
				TargetAttributes = {
					8DED58DE24156ED5004EECD0 = {
						CreatedOnToolsVersion = 11.3.1;
					};
				};
			};
			buildConfigurationList = 8DED58DA24156ED5004EECD0 /* Build configuration list for PBXProject "TheFlagOfContries-iOS13" */;
			compatibilityVersion = "Xcode 9.3";
			developmentRegion = en;
			hasScannedForEncodings = 0;
			knownRegions = (
				en,
				Base,
			);
			mainGroup = 8DED58D624156ED5004EECD0;
			productRefGroup = 8DED58E024156ED5004EECD0 /* Products */;
			projectDirPath = "";
			projectRoot = "";
			targets = (
				8DED58DE24156ED5004EECD0 /* TheFlagOfContries-iOS13 */,
			);
		};
/* End PBXProject section */

/* Begin PBXResourcesBuildPhase section */
		8DED58DD24156ED5004EECD0 /* Resources */ = {
			isa = PBXResourcesBuildPhase;
			buildActionMask = 2147483647;
			files = (
				8DAC1EA4241664AD0026BC33 /* france@3x.png in Resources */,
				8DAC1E93241664AD0026BC33 /* nigeria@2x.png in Resources */,
				8DAC1EA1241664AD0026BC33 /* poland@3x.png in Resources */,
				8DAC1E9D241664AD0026BC33 /* russia@2x.png in Resources */,
				8DED58F724163358004EECD0 /* Redme.rtf in Resources */,
				8DAC1EA7241664AD0026BC33 /* france@2x.png in Resources */,
				8DAC1E9E241664AD0026BC33 /* estonia@2x.png in Resources */,
				8DAC1E99241664AD0026BC33 /* germany@2x.png in Resources */,
				8DED58EF24156ED7004EECD0 /* LaunchScreen.storyboard in Resources */,
				8DAC1E96241664AD0026BC33 /* italy@3x.png in Resources */,
				8DAC1EA9241664AD0026BC33 /* uk@2x.png in Resources */,
				8DAC1E98241664AD0026BC33 /* germany@3x.png in Resources */,
				8DAC1EA0241664AD0026BC33 /* russia@3x.png in Resources */,
				8DAC1E9B241664AD0026BC33 /* italy@2x.png in Resources */,
				8DED58EC24156ED7004EECD0 /* Assets.xcassets in Resources */,
				8DAC1E9A241664AD0026BC33 /* ireland@3x.png in Resources */,
				8DAC1E9F241664AD0026BC33 /* estonia@3x.png in Resources */,
				8DAC1EA5241664AD0026BC33 /* monaco@2x.png in Resources */,
				8DAC1E92241664AD0026BC33 /* spain@2x.png in Resources */,
				8DAC1E95241664AD0026BC33 /* spain@3x.png in Resources */,
				8DAC1E9C241664AD0026BC33 /* poland@2x.png in Resources */,
				8DAC1E94241664AD0026BC33 /* nigeria@3x.png in Resources */,
				8DAC1EA2241664AD0026BC33 /* uk@3x.png in Resources */,
				8DAC1E97241664AD0026BC33 /* ireland@2x.png in Resources */,
				8DED58EA24156ED5004EECD0 /* Main.storyboard in Resources */,
				8DAC1EA8241664AD0026BC33 /* us@2x.png in Resources */,
				8DAC1EA6241664AD0026BC33 /* monaco@3x.png in Resources */,
				8DAC1EA3241664AD0026BC33 /* us@3x.png in Resources */,
			);
			runOnlyForDeploymentPostprocessing = 0;
		};
/* End PBXResourcesBuildPhase section */

/* Begin PBXSourcesBuildPhase section */
		8DED58DB24156ED5004EECD0 /* Sources */ = {
			isa = PBXSourcesBuildPhase;
			buildActionMask = 2147483647;
			files = (
				8DED58E324156ED5004EECD0 /* AppDelegate.swift in Sources */,
				8DED58F9241634A8004EECD0 /* MainTableViewController.swift in Sources */,
				8DED58E524156ED5004EECD0 /* SceneDelegate.swift in Sources */,
				8DED58FB24165A32004EECD0 /* DetailViewController.swift in Sources */,
			);
			runOnlyForDeploymentPostprocessing = 0;
		};
/* End PBXSourcesBuildPhase section */

/* Begin PBXVariantGroup section */
		8DED58E824156ED5004EECD0 /* Main.storyboard */ = {
			isa = PBXVariantGroup;
			children = (
				8DED58E924156ED5004EECD0 /* Base */,
			);
			name = Main.storyboard;
			sourceTree = "<group>";
		};
		8DED58ED24156ED7004EECD0 /* LaunchScreen.storyboard */ = {
			isa = PBXVariantGroup;
			children = (
				8DED58EE24156ED7004EECD0 /* Base */,
			);
			name = LaunchScreen.storyboard;
			sourceTree = "<group>";
		};
/* End PBXVariantGroup section */

/* Begin XCBuildConfiguration section */
		8DED58F124156ED7004EECD0 /* Debug */ = {
			isa = XCBuildConfiguration;
			buildSettings = {
				ALWAYS_SEARCH_USER_PATHS = NO;
				CLANG_ANALYZER_NONNULL = YES;
				CLANG_ANALYZER_NUMBER_OBJECT_CONVERSION = YES_AGGRESSIVE;
				CLANG_CXX_LANGUAGE_STANDARD = "gnu++14";
				CLANG_CXX_LIBRARY = "libc++";
				CLANG_ENABLE_MODULES = YES;
				CLANG_ENABLE_OBJC_ARC = YES;
				CLANG_ENABLE_OBJC_WEAK = YES;
				CLANG_WARN_BLOCK_CAPTURE_AUTORELEASING = YES;
				CLANG_WARN_BOOL_CONVERSION = YES;
				CLANG_WARN_COMMA = YES;
				CLANG_WARN_CONSTANT_CONVERSION = YES;
				CLANG_WARN_DEPRECATED_OBJC_IMPLEMENTATIONS = YES;
				CLANG_WARN_DIRECT_OBJC_ISA_USAGE = YES_ERROR;
				CLANG_WARN_DOCUMENTATION_COMMENTS = YES;
				CLANG_WARN_EMPTY_BODY = YES;
				CLANG_WARN_ENUM_CONVERSION = YES;
				CLANG_WARN_INFINITE_RECURSION = YES;
				CLANG_WARN_INT_CONVERSION = YES;
				CLANG_WARN_NON_LITERAL_NULL_CONVERSION = YES;
				CLANG_WARN_OBJC_IMPLICIT_RETAIN_SELF = YES;
				CLANG_WARN_OBJC_LITERAL_CONVERSION = YES;
				CLANG_WARN_OBJC_ROOT_CLASS = YES_ERROR;
				CLANG_WARN_RANGE_LOOP_ANALYSIS = YES;
				CLANG_WARN_STRICT_PROTOTYPES = YES;
				CLANG_WARN_SUSPICIOUS_MOVE = YES;
				CLANG_WARN_UNGUARDED_AVAILABILITY = YES_AGGRESSIVE;
				CLANG_WARN_UNREACHABLE_CODE = YES;
				CLANG_WARN__DUPLICATE_METHOD_MATCH = YES;
				COPY_PHASE_STRIP = NO;
				DEBUG_INFORMATION_FORMAT = dwarf;
				ENABLE_STRICT_OBJC_MSGSEND = YES;
				ENABLE_TESTABILITY = YES;
				GCC_C_LANGUAGE_STANDARD = gnu11;
				GCC_DYNAMIC_NO_PIC = NO;
				GCC_NO_COMMON_BLOCKS = YES;
				GCC_OPTIMIZATION_LEVEL = 0;
				GCC_PREPROCESSOR_DEFINITIONS = (
					"DEBUG=1",
					"$(inherited)",
				);
				GCC_WARN_64_TO_32_BIT_CONVERSION = YES;
				GCC_WARN_ABOUT_RETURN_TYPE = YES_ERROR;
				GCC_WARN_UNDECLARED_SELECTOR = YES;
				GCC_WARN_UNINITIALIZED_AUTOS = YES_AGGRESSIVE;
				GCC_WARN_UNUSED_FUNCTION = YES;
				GCC_WARN_UNUSED_VARIABLE = YES;
				IPHONEOS_DEPLOYMENT_TARGET = 13.2;
				MTL_ENABLE_DEBUG_INFO = INCLUDE_SOURCE;
				MTL_FAST_MATH = YES;
				ONLY_ACTIVE_ARCH = YES;
				SDKROOT = iphoneos;
				SWIFT_ACTIVE_COMPILATION_CONDITIONS = DEBUG;
				SWIFT_OPTIMIZATION_LEVEL = "-Onone";
			};
			name = Debug;
		};
		8DED58F224156ED7004EECD0 /* Release */ = {
			isa = XCBuildConfiguration;
			buildSettings = {
				ALWAYS_SEARCH_USER_PATHS = NO;
				CLANG_ANALYZER_NONNULL = YES;
				CLANG_ANALYZER_NUMBER_OBJECT_CONVERSION = YES_AGGRESSIVE;
				CLANG_CXX_LANGUAGE_STANDARD = "gnu++14";
				CLANG_CXX_LIBRARY = "libc++";
				CLANG_ENABLE_MODULES = YES;
				CLANG_ENABLE_OBJC_ARC = YES;
				CLANG_ENABLE_OBJC_WEAK = YES;
				CLANG_WARN_BLOCK_CAPTURE_AUTORELEASING = YES;
				CLANG_WARN_BOOL_CONVERSION = YES;
				CLANG_WARN_COMMA = YES;
				CLANG_WARN_CONSTANT_CONVERSION = YES;
				CLANG_WARN_DEPRECATED_OBJC_IMPLEMENTATIONS = YES;
				CLANG_WARN_DIRECT_OBJC_ISA_USAGE = YES_ERROR;
				CLANG_WARN_DOCUMENTATION_COMMENTS = YES;
				CLANG_WARN_EMPTY_BODY = YES;
				CLANG_WARN_ENUM_CONVERSION = YES;
				CLANG_WARN_INFINITE_RECURSION = YES;
				CLANG_WARN_INT_CONVERSION = YES;
				CLANG_WARN_NON_LITERAL_NULL_CONVERSION = YES;
				CLANG_WARN_OBJC_IMPLICIT_RETAIN_SELF = YES;
				CLANG_WARN_OBJC_LITERAL_CONVERSION = YES;
				CLANG_WARN_OBJC_ROOT_CLASS = YES_ERROR;
				CLANG_WARN_RANGE_LOOP_ANALYSIS = YES;
				CLANG_WARN_STRICT_PROTOTYPES = YES;
				CLANG_WARN_SUSPICIOUS_MOVE = YES;
				CLANG_WARN_UNGUARDED_AVAILABILITY = YES_AGGRESSIVE;
				CLANG_WARN_UNREACHABLE_CODE = YES;
				CLANG_WARN__DUPLICATE_METHOD_MATCH = YES;
				COPY_PHASE_STRIP = NO;
				DEBUG_INFORMATION_FORMAT = "dwarf-with-dsym";
				ENABLE_NS_ASSERTIONS = NO;
				ENABLE_STRICT_OBJC_MSGSEND = YES;
				GCC_C_LANGUAGE_STANDARD = gnu11;
				GCC_NO_COMMON_BLOCKS = YES;
				GCC_WARN_64_TO_32_BIT_CONVERSION = YES;
				GCC_WARN_ABOUT_RETURN_TYPE = YES_ERROR;
				GCC_WARN_UNDECLARED_SELECTOR = YES;
				GCC_WARN_UNINITIALIZED_AUTOS = YES_AGGRESSIVE;
				GCC_WARN_UNUSED_FUNCTION = YES;
				GCC_WARN_UNUSED_VARIABLE = YES;
				IPHONEOS_DEPLOYMENT_TARGET = 13.2;
				MTL_ENABLE_DEBUG_INFO = NO;
				MTL_FAST_MATH = YES;
				SDKROOT = iphoneos;
				SWIFT_COMPILATION_MODE = wholemodule;
				SWIFT_OPTIMIZATION_LEVEL = "-O";
				VALIDATE_PRODUCT = YES;
			};
			name = Release;
		};
		8DED58F424156ED7004EECD0 /* Debug */ = {
			isa = XCBuildConfiguration;
			buildSettings = {
				ASSETCATALOG_COMPILER_APPICON_NAME = AppIcon;
				CODE_SIGN_STYLE = Automatic;
				DEVELOPMENT_TEAM = C4R95F3PX7;
				INFOPLIST_FILE = "TheFlagOfContries-iOS13/Info.plist";
				LD_RUNPATH_SEARCH_PATHS = (
					"$(inherited)",
					"@executable_path/Frameworks",
				);
				PRODUCT_BUNDLE_IDENTIFIER = "nesanoff.Contries-iOS13";
				PRODUCT_NAME = "Contries-iOS13";
				SWIFT_VERSION = 5.0;
				TARGETED_DEVICE_FAMILY = "1,2";
			};
			name = Debug;
		};
		8DED58F524156ED7004EECD0 /* Release */ = {
			isa = XCBuildConfiguration;
			buildSettings = {
				ASSETCATALOG_COMPILER_APPICON_NAME = AppIcon;
				CODE_SIGN_STYLE = Automatic;
				DEVELOPMENT_TEAM = C4R95F3PX7;
				INFOPLIST_FILE = "TheFlagOfContries-iOS13/Info.plist";
				LD_RUNPATH_SEARCH_PATHS = (
					"$(inherited)",
					"@executable_path/Frameworks",
				);
				PRODUCT_BUNDLE_IDENTIFIER = "nesanoff.Contries-iOS13";
				PRODUCT_NAME = "Contries-iOS13";
				SWIFT_VERSION = 5.0;
				TARGETED_DEVICE_FAMILY = "1,2";
			};
			name = Release;
		};
/* End XCBuildConfiguration section */

/* Begin XCConfigurationList section */
		8DED58DA24156ED5004EECD0 /* Build configuration list for PBXProject "TheFlagOfContries-iOS13" */ = {
			isa = XCConfigurationList;
			buildConfigurations = (
				8DED58F124156ED7004EECD0 /* Debug */,
				8DED58F224156ED7004EECD0 /* Release */,
			);
			defaultConfigurationIsVisible = 0;
			defaultConfigurationName = Release;
		};
		8DED58F324156ED7004EECD0 /* Build configuration list for PBXNativeTarget "TheFlagOfContries-iOS13" */ = {
			isa = XCConfigurationList;
			buildConfigurations = (
				8DED58F424156ED7004EECD0 /* Debug */,
				8DED58F524156ED7004EECD0 /* Release */,
			);
			defaultConfigurationIsVisible = 0;
			defaultConfigurationName = Release;
		};
/* End XCConfigurationList section */
	};
	rootObject = 8DED58D724156ED5004EECD0 /* Project object */;
}
